
Microsoft Visual Studio Solution File, Format Version 12.00
# Visual Studio Version 17
VisualStudioVersion = 17.3.32811.315
MinimumVisualStudioVersion = 10.0.40219.1
Project("{8BC9CEB8-8B4A-11D0-8D11-00A0C91BC942}") = "DeepAndShallowCopy", "DeepAndShallowCopy\DeepAndShallowCopy.vcxproj", "{5B392D0A-44AC-463D-AE10-E1650ACE2D7F}"
EndProject
Global
	GlobalSection(SolutionConfigurationPlatforms) = preSolution
		Debug|x64 = Debug|x64
		Debug|x86 = Debug|x86
		Release|x64 = Release|x64
		Release|x86 = Release|x86
	EndGlobalSection
	GlobalSection(ProjectConfigurationPlatforms) = postSolution
		{5B392D0A-44AC-463D-AE10-E1650ACE2D7F}.Debug|x64.ActiveCfg = Debug|x64
		{5B392D0A-44AC-463D-AE10-E1650ACE2D7F}.Debug|x64.Build.0 = Debug|x64
		{5B392D0A-44AC-463D-AE10-E1650ACE2D7F}.Debug|x86.ActiveCfg = Debug|Win32
		{5B392D0A-44AC-463D-AE10-E1650ACE2D7F}.Debug|x86.Build.0 = Debug|Win32
		{5B392D0A-44AC-463D-AE10-E1650ACE2D7F}.Release|x64.ActiveCfg = Release|x64
		{5B392D0A-44AC-463D-AE10-E1650ACE2D7F}.Release|x64.Build.0 = Release|x64
		{5B392D0A-44AC-463D-AE10-E1650ACE2D7F}.Release|x86.ActiveCfg = Release|Win32
		{5B392D0A-44AC-463D-AE10-E1650ACE2D7F}.Release|x86.Build.0 = Release|Win32
	EndGlobalSection
	GlobalSection(SolutionProperties) = preSolution
		HideSolutionNode = FALSE
	EndGlobalSection
	GlobalSection(ExtensibilityGlobals) = postSolution
		SolutionGuid = {2DD73B3E-D0A4-4D7D-8324-B3DE0E260BF3}
	EndGlobalSection
EndGlobal
