
Microsoft Visual Studio Solution File, Format Version 12.00
# Visual Studio Version 17
VisualStudioVersion = 17.2.32630.192
MinimumVisualStudioVersion = 10.0.40219.1
Project("{8BC9CEB8-8B4A-11D0-8D11-00A0C91BC942}") = "FunctionCallingAnotherFunction", "FunctionCallingAnotherFunction\FunctionCallingAnotherFunction.vcxproj", "{B7DD0F9B-7329-4831-B9CF-47F4D3145B16}"
EndProject
Global
	GlobalSection(SolutionConfigurationPlatforms) = preSolution
		Debug|x64 = Debug|x64
		Debug|x86 = Debug|x86
		Release|x64 = Release|x64
		Release|x86 = Release|x86
	EndGlobalSection
	GlobalSection(ProjectConfigurationPlatforms) = postSolution
		{B7DD0F9B-7329-4831-B9CF-47F4D3145B16}.Debug|x64.ActiveCfg = Debug|x64
		{B7DD0F9B-7329-4831-B9CF-47F4D3145B16}.Debug|x64.Build.0 = Debug|x64
		{B7DD0F9B-7329-4831-B9CF-47F4D3145B16}.Debug|x86.ActiveCfg = Debug|Win32
		{B7DD0F9B-7329-4831-B9CF-47F4D3145B16}.Debug|x86.Build.0 = Debug|Win32
		{B7DD0F9B-7329-4831-B9CF-47F4D3145B16}.Release|x64.ActiveCfg = Release|x64
		{B7DD0F9B-7329-4831-B9CF-47F4D3145B16}.Release|x64.Build.0 = Release|x64
		{B7DD0F9B-7329-4831-B9CF-47F4D3145B16}.Release|x86.ActiveCfg = Release|Win32
		{B7DD0F9B-7329-4831-B9CF-47F4D3145B16}.Release|x86.Build.0 = Release|Win32
	EndGlobalSection
	GlobalSection(SolutionProperties) = preSolution
		HideSolutionNode = FALSE
	EndGlobalSection
	GlobalSection(ExtensibilityGlobals) = postSolution
		SolutionGuid = {B470B133-317B-4223-AC91-994E9E20AFAA}
	EndGlobalSection
EndGlobal
