
Microsoft Visual Studio Solution File, Format Version 12.00
# Visual Studio Version 17
VisualStudioVersion = 17.3.32804.467
MinimumVisualStudioVersion = 10.0.40219.1
Project("{8BC9CEB8-8B4A-11D0-8D11-00A0C91BC942}") = "Constructor", "Constructor\Constructor.vcxproj", "{72E004B9-7D3B-4BA1-833E-4C19EF78C75D}"
EndProject
Global
	GlobalSection(SolutionConfigurationPlatforms) = preSolution
		Debug|x64 = Debug|x64
		Debug|x86 = Debug|x86
		Release|x64 = Release|x64
		Release|x86 = Release|x86
	EndGlobalSection
	GlobalSection(ProjectConfigurationPlatforms) = postSolution
		{72E004B9-7D3B-4BA1-833E-4C19EF78C75D}.Debug|x64.ActiveCfg = Debug|x64
		{72E004B9-7D3B-4BA1-833E-4C19EF78C75D}.Debug|x64.Build.0 = Debug|x64
		{72E004B9-7D3B-4BA1-833E-4C19EF78C75D}.Debug|x86.ActiveCfg = Debug|Win32
		{72E004B9-7D3B-4BA1-833E-4C19EF78C75D}.Debug|x86.Build.0 = Debug|Win32
		{72E004B9-7D3B-4BA1-833E-4C19EF78C75D}.Release|x64.ActiveCfg = Release|x64
		{72E004B9-7D3B-4BA1-833E-4C19EF78C75D}.Release|x64.Build.0 = Release|x64
		{72E004B9-7D3B-4BA1-833E-4C19EF78C75D}.Release|x86.ActiveCfg = Release|Win32
		{72E004B9-7D3B-4BA1-833E-4C19EF78C75D}.Release|x86.Build.0 = Release|Win32
	EndGlobalSection
	GlobalSection(SolutionProperties) = preSolution
		HideSolutionNode = FALSE
	EndGlobalSection
	GlobalSection(ExtensibilityGlobals) = postSolution
		SolutionGuid = {5EDF2DE4-8EEA-417B-B80B-AB1B86254C57}
	EndGlobalSection
EndGlobal
