
Microsoft Visual Studio Solution File, Format Version 12.00
# Visual Studio Version 17
VisualStudioVersion = 17.3.32811.315
MinimumVisualStudioVersion = 10.0.40219.1
Project("{8BC9CEB8-8B4A-11D0-8D11-00A0C91BC942}") = "IncreaseOperatorOverloading", "IncreaseOperatorOverloading\IncreaseOperatorOverloading.vcxproj", "{B47F67A5-26C1-4E76-A855-B43A0CB7BF36}"
EndProject
Global
	GlobalSection(SolutionConfigurationPlatforms) = preSolution
		Debug|x64 = Debug|x64
		Debug|x86 = Debug|x86
		Release|x64 = Release|x64
		Release|x86 = Release|x86
	EndGlobalSection
	GlobalSection(ProjectConfigurationPlatforms) = postSolution
		{B47F67A5-26C1-4E76-A855-B43A0CB7BF36}.Debug|x64.ActiveCfg = Debug|x64
		{B47F67A5-26C1-4E76-A855-B43A0CB7BF36}.Debug|x64.Build.0 = Debug|x64
		{B47F67A5-26C1-4E76-A855-B43A0CB7BF36}.Debug|x86.ActiveCfg = Debug|Win32
		{B47F67A5-26C1-4E76-A855-B43A0CB7BF36}.Debug|x86.Build.0 = Debug|Win32
		{B47F67A5-26C1-4E76-A855-B43A0CB7BF36}.Release|x64.ActiveCfg = Release|x64
		{B47F67A5-26C1-4E76-A855-B43A0CB7BF36}.Release|x64.Build.0 = Release|x64
		{B47F67A5-26C1-4E76-A855-B43A0CB7BF36}.Release|x86.ActiveCfg = Release|Win32
		{B47F67A5-26C1-4E76-A855-B43A0CB7BF36}.Release|x86.Build.0 = Release|Win32
	EndGlobalSection
	GlobalSection(SolutionProperties) = preSolution
		HideSolutionNode = FALSE
	EndGlobalSection
	GlobalSection(ExtensibilityGlobals) = postSolution
		SolutionGuid = {08F8EBC3-1BB1-4211-AF08-E58E11866E58}
	EndGlobalSection
EndGlobal
