
Microsoft Visual Studio Solution File, Format Version 12.00
# Visual Studio Version 17
VisualStudioVersion = 17.3.32811.315
MinimumVisualStudioVersion = 10.0.40219.1
Project("{8BC9CEB8-8B4A-11D0-8D11-00A0C91BC942}") = "SubscriptOverloading", "SubscriptOverloading\SubscriptOverloading.vcxproj", "{16487C35-3DE6-4EFC-8364-82E8076EE28F}"
EndProject
Global
	GlobalSection(SolutionConfigurationPlatforms) = preSolution
		Debug|x64 = Debug|x64
		Debug|x86 = Debug|x86
		Release|x64 = Release|x64
		Release|x86 = Release|x86
	EndGlobalSection
	GlobalSection(ProjectConfigurationPlatforms) = postSolution
		{16487C35-3DE6-4EFC-8364-82E8076EE28F}.Debug|x64.ActiveCfg = Debug|x64
		{16487C35-3DE6-4EFC-8364-82E8076EE28F}.Debug|x64.Build.0 = Debug|x64
		{16487C35-3DE6-4EFC-8364-82E8076EE28F}.Debug|x86.ActiveCfg = Debug|Win32
		{16487C35-3DE6-4EFC-8364-82E8076EE28F}.Debug|x86.Build.0 = Debug|Win32
		{16487C35-3DE6-4EFC-8364-82E8076EE28F}.Release|x64.ActiveCfg = Release|x64
		{16487C35-3DE6-4EFC-8364-82E8076EE28F}.Release|x64.Build.0 = Release|x64
		{16487C35-3DE6-4EFC-8364-82E8076EE28F}.Release|x86.ActiveCfg = Release|Win32
		{16487C35-3DE6-4EFC-8364-82E8076EE28F}.Release|x86.Build.0 = Release|Win32
	EndGlobalSection
	GlobalSection(SolutionProperties) = preSolution
		HideSolutionNode = FALSE
	EndGlobalSection
	GlobalSection(ExtensibilityGlobals) = postSolution
		SolutionGuid = {825F0AD0-2FC0-4DE1-84A6-8C13C2D6EE93}
	EndGlobalSection
EndGlobal
